
Microsoft Visual Studio Solution File, Format Version 12.00
# Visual Studio 15
Project("{FAE04EC0-301F-11D3-BF4B-00C04F79EFBC}") = "Assembly-CSharp", "Assembly-CSharp.csproj", "{3BD9D05E-6057-E1EC-0FA1-6B0736A2476E}"
EndProject
Project("{FAE04EC0-301F-11D3-BF4B-00C04F79EFBC}") = "Assembly-CSharp-Editor", "Assembly-CSharp-Editor.csproj", "{4F1A4DC0-4DA9-3793-1D60-F27085DD55E7}"
EndProject
Global
	GlobalSection(SolutionConfigurationPlatforms) = preSolution
		Debug|Any CPU = Debug|Any CPU
		Release|Any CPU = Release|Any CPU
	EndGlobalSection
	GlobalSection(ProjectConfigurationPlatforms) = postSolution
		{3BD9D05E-6057-E1EC-0FA1-6B0736A2476E}.Debug|Any CPU.ActiveCfg = Debug|Any CPU
		{3BD9D05E-6057-E1EC-0FA1-6B0736A2476E}.Debug|Any CPU.Build.0 = Debug|Any CPU
		{3BD9D05E-6057-E1EC-0FA1-6B0736A2476E}.Release|Any CPU.ActiveCfg = Release|Any CPU
		{3BD9D05E-6057-E1EC-0FA1-6B0736A2476E}.Release|Any CPU.Build.0 = Release|Any CPU
		{4F1A4DC0-4DA9-3793-1D60-F27085DD55E7}.Debug|Any CPU.ActiveCfg = Debug|Any CPU
		{4F1A4DC0-4DA9-3793-1D60-F27085DD55E7}.Debug|Any CPU.Build.0 = Debug|Any CPU
		{4F1A4DC0-4DA9-3793-1D60-F27085DD55E7}.Release|Any CPU.ActiveCfg = Release|Any CPU
		{4F1A4DC0-4DA9-3793-1D60-F27085DD55E7}.Release|Any CPU.Build.0 = Release|Any CPU
	EndGlobalSection
	GlobalSection(SolutionProperties) = preSolution
		HideSolutionNode = FALSE
	EndGlobalSection
EndGlobal
